github.com/gethinode/hinode v0.27.8 h1:jB86d1VxZBYJ6jhqultRI5XmO4OwAzHSKSAAcsr3YJY=
github.com/gethinode/hinode v0.27.8/go.mod h1:L9xLjrh/W2oqnycFB14dfHX8PNWpBlBNdOI+q5U9Ric=
github.com/gethinode/hinode v0.29.4 h1:95GN3d27lUwNVWVxTsnsK9GVLA3WhebxDUQxTAcpA5g=
github.com/gethinode/hinode v0.29.4/go.mod h1:wh0Tu9qzrKyyDWlCA1vlxvJvXAubhI+mK8O4kUXLf84=
